<?xml version="1.0" encoding="utf-8"?>
<Project ToolsVersion="4.0" xmlns="http://schemas.microsoft.com/developer/msbuild/2003">
  <ItemGroup>
    <Filter Include="Source Files">
      <UniqueIdentifier>{4FC737F1-C7A5-4376-A066-2A32D752A2FF}</UniqueIdentifier>
      <Extensions>cpp;c;cc;cxx;def;odl;idl;hpj;bat;asm;asmx</Extensions>
    </Filter>
    <Filter Include="Header Files">
      <UniqueIdentifier>{93995380-89BD-4b04-88EB-625FBE52EBFB}</UniqueIdentifier>
      <Extensions>h;hh;hpp;hxx;hm;inl;inc;xsd</Extensions>
    </Filter>
    <Filter Include="Resource Files">
      <UniqueIdentifier>{67DA6AB6-F800-4c08-8B7A-83BB121AAD01}</UniqueIdentifier>
      <Extensions>rc;ico;cur;bmp;dlg;rc2;rct;bin;rgs;gif;jpg;jpeg;jpe;resx;tiff;tif;png;wav;mfcribbon-ms</Extensions>
    </Filter>
    <Filter Include="Source Files\capstone">
      <UniqueIdentifier>{eb030151-d6f8-4d4d-ad6e-512b3397a015}</UniqueIdentifier>
    </Filter>
  </ItemGroup>
  <ItemGroup>
    <ClInclude Include="CaptainHook.h">
      <Filter>Header Files</Filter>
    </ClInclude>
    <ClInclude Include="Utils.h">
      <Filter>Header Files</Filter>
    </ClInclude>
  </ItemGroup>
  <ItemGroup>
    <ClCompile Include="CaptainHook.cpp">
      <Filter>Source Files</Filter>
    </ClCompile>
    <ClCompile Include="capstone-3.0.4\cs.c">
      <Filter>Source Files\capstone</Filter>
    </ClCompile>
    <ClCompile Include="capstone-3.0.4\arch\X86\X86ATTInstPrinter.c">
      <Filter>Source Files\capstone</Filter>
    </ClCompile>
    <ClCompile Include="capstone-3.0.4\arch\X86\X86Disassembler.c">
      <Filter>Source Files\capstone</Filter>
    </ClCompile>
    <ClCompile Include="capstone-3.0.4\arch\X86\X86DisassemblerDecoder.c">
      <Filter>Source Files\capstone</Filter>
    </ClCompile>
    <ClCompile Include="capstone-3.0.4\arch\X86\X86IntelInstPrinter.c">
      <Filter>Source Files\capstone</Filter>
    </ClCompile>
    <ClCompile Include="capstone-3.0.4\arch\X86\X86Mapping.c">
      <Filter>Source Files\capstone</Filter>
    </ClCompile>
    <ClCompile Include="capstone-3.0.4\arch\X86\X86Module.c">
      <Filter>Source Files\capstone</Filter>
    </ClCompile>
    <ClCompile Include="capstone-3.0.4\arch\AArch64\AArch64BaseInfo.c">
      <Filter>Source Files\capstone</Filter>
    </ClCompile>
    <ClCompile Include="capstone-3.0.4\arch\AArch64\AArch64Disassembler.c">
      <Filter>Source Files\capstone</Filter>
    </ClCompile>
    <ClCompile Include="capstone-3.0.4\arch\AArch64\AArch64InstPrinter.c">
      <Filter>Source Files\capstone</Filter>
    </ClCompile>
    <ClCompile Include="capstone-3.0.4\arch\AArch64\AArch64Mapping.c">
      <Filter>Source Files\capstone</Filter>
    </ClCompile>
    <ClCompile Include="capstone-3.0.4\arch\AArch64\AArch64Module.c">
      <Filter>Source Files\capstone</Filter>
    </ClCompile>
    <ClCompile Include="capstone-3.0.4\arch\ARM\ARMDisassembler.c">
      <Filter>Source Files\capstone</Filter>
    </ClCompile>
    <ClCompile Include="capstone-3.0.4\arch\ARM\ARMInstPrinter.c">
      <Filter>Source Files\capstone</Filter>
    </ClCompile>
    <ClCompile Include="capstone-3.0.4\arch\ARM\ARMMapping.c">
      <Filter>Source Files\capstone</Filter>
    </ClCompile>
    <ClCompile Include="capstone-3.0.4\arch\ARM\ARMModule.c">
      <Filter>Source Files\capstone</Filter>
    </ClCompile>
    <ClCompile Include="capstone-3.0.4\MCInst.c">
      <Filter>Source Files\capstone</Filter>
    </ClCompile>
    <ClCompile Include="capstone-3.0.4\MCInstrDesc.c">
      <Filter>Source Files\capstone</Filter>
    </ClCompile>
    <ClCompile Include="capstone-3.0.4\MCRegisterInfo.c">
      <Filter>Source Files\capstone</Filter>
    </ClCompile>
    <ClCompile Include="capstone-3.0.4\arch\Mips\MipsDisassembler.c">
      <Filter>Source Files\capstone</Filter>
    </ClCompile>
    <ClCompile Include="capstone-3.0.4\arch\Mips\MipsInstPrinter.c">
      <Filter>Source Files\capstone</Filter>
    </ClCompile>
    <ClCompile Include="capstone-3.0.4\arch\Mips\MipsMapping.c">
      <Filter>Source Files\capstone</Filter>
    </ClCompile>
    <ClCompile Include="capstone-3.0.4\arch\Mips\MipsModule.c">
      <Filter>Source Files\capstone</Filter>
    </ClCompile>
    <ClCompile Include="capstone-3.0.4\arch\PowerPC\PPCDisassembler.c">
      <Filter>Source Files\capstone</Filter>
    </ClCompile>
    <ClCompile Include="capstone-3.0.4\arch\PowerPC\PPCInstPrinter.c">
      <Filter>Source Files\capstone</Filter>
    </ClCompile>
    <ClCompile Include="capstone-3.0.4\arch\PowerPC\PPCMapping.c">
      <Filter>Source Files\capstone</Filter>
    </ClCompile>
    <ClCompile Include="capstone-3.0.4\arch\PowerPC\PPCModule.c">
      <Filter>Source Files\capstone</Filter>
    </ClCompile>
    <ClCompile Include="capstone-3.0.4\arch\Sparc\SparcDisassembler.c">
      <Filter>Source Files\capstone</Filter>
    </ClCompile>
    <ClCompile Include="capstone-3.0.4\arch\Sparc\SparcInstPrinter.c">
      <Filter>Source Files\capstone</Filter>
    </ClCompile>
    <ClCompile Include="capstone-3.0.4\arch\Sparc\SparcMapping.c">
      <Filter>Source Files\capstone</Filter>
    </ClCompile>
    <ClCompile Include="capstone-3.0.4\arch\Sparc\SparcModule.c">
      <Filter>Source Files\capstone</Filter>
    </ClCompile>
    <ClCompile Include="capstone-3.0.4\SStream.c">
      <Filter>Source Files\capstone</Filter>
    </ClCompile>
    <ClCompile Include="capstone-3.0.4\arch\SystemZ\SystemZDisassembler.c">
      <Filter>Source Files\capstone</Filter>
    </ClCompile>
    <ClCompile Include="capstone-3.0.4\arch\SystemZ\SystemZInstPrinter.c">
      <Filter>Source Files\capstone</Filter>
    </ClCompile>
    <ClCompile Include="capstone-3.0.4\arch\SystemZ\SystemZMapping.c">
      <Filter>Source Files\capstone</Filter>
    </ClCompile>
    <ClCompile Include="capstone-3.0.4\arch\SystemZ\SystemZMCTargetDesc.c">
      <Filter>Source Files\capstone</Filter>
    </ClCompile>
    <ClCompile Include="capstone-3.0.4\arch\SystemZ\SystemZModule.c">
      <Filter>Source Files\capstone</Filter>
    </ClCompile>
    <ClCompile Include="capstone-3.0.4\utils.c">
      <Filter>Source Files\capstone</Filter>
    </ClCompile>
    <ClCompile Include="capstone-3.0.4\arch\XCore\XCoreDisassembler.c">
      <Filter>Source Files\capstone</Filter>
    </ClCompile>
    <ClCompile Include="capstone-3.0.4\arch\XCore\XCoreInstPrinter.c">
      <Filter>Source Files\capstone</Filter>
    </ClCompile>
    <ClCompile Include="capstone-3.0.4\arch\XCore\XCoreMapping.c">
      <Filter>Source Files\capstone</Filter>
    </ClCompile>
    <ClCompile Include="capstone-3.0.4\arch\XCore\XCoreModule.c">
      <Filter>Source Files\capstone</Filter>
    </ClCompile>
  </ItemGroup>
</Project>